// !$*UTF8*$!
{
	archiveVersion = 1;
	classes = {
	};
	objectVersion = 46;
	objects = {

/* Begin PBXBuildFile section */
		5D9898B21BFB8E7E0011B34D /* Project_UNI.c in Sources */ = {isa = PBXBuildFile; fileRef = 5D9898B11BFB8E7E0011B34D /* Project_UNI.c */; };
/* End PBXBuildFile section */

/* Begin PBXCopyFilesBuildPhase section */
		5D9898AC1BFB8E7E0011B34D /* CopyFiles */ = {
			isa = PBXCopyFilesBuildPhase;
			buildActionMask = 2147483647;
			dstPath = /usr/share/man/man1/;
			dstSubfolderSpec = 0;
			files = (
			);
			runOnlyForDeploymentPostprocessing = 1;
		};
/* End PBXCopyFilesBuildPhase section */

/* Begin PBXFileReference section */
		5D9898AE1BFB8E7E0011B34D /* Project_UNI */ = {isa = PBXFileReference; explicitFileType = "compiled.mach-o.executable"; includeInIndex = 0; path = Project_UNI; sourceTree = BUILT_PRODUCTS_DIR; };
		5D9898B11BFB8E7E0011B34D /* Project_UNI.c */ = {isa = PBXFileReference; lastKnownFileType = sourcecode.c.c; path = Project_UNI.c; sourceTree = "<group>"; };
/* End PBXFileReference section */

/* Begin PBXFrameworksBuildPhase section */
		5D9898AB1BFB8E7E0011B34D /* Frameworks */ = {
			isa = PBXFrameworksBuildPhase;
			buildActionMask = 2147483647;
			files = (
			);
			runOnlyForDeploymentPostprocessing = 0;
		};
/* End PBXFrameworksBuildPhase section */

/* Begin PBXGroup section */
		5D9898A51BFB8E7E0011B34D = {
			isa = PBXGroup;
			children = (
				5D9898B01BFB8E7E0011B34D /* Project_UNI */,
				5D9898AF1BFB8E7E0011B34D /* Products */,
			);
			sourceTree = "<group>";
		};
		5D9898AF1BFB8E7E0011B34D /* Products */ = {
			isa = PBXGroup;
			children = (
				5D9898AE1BFB8E7E0011B34D /* Project_UNI */,
			);
			name = Products;
			sourceTree = "<group>";
		};
		5D9898B01BFB8E7E0011B34D /* Project_UNI */ = {
			isa = PBXGroup;
			children = (
				5D9898B11BFB8E7E0011B34D /* Project_UNI.c */,
			);
			path = Project_UNI;
			sourceTree = "<group>";
		};
/* End PBXGroup section */

/* Begin PBXNativeTarget section */
		5D9898AD1BFB8E7E0011B34D /* Project_UNI */ = {
			isa = PBXNativeTarget;
			buildConfigurationList = 5D9898B51BFB8E7E0011B34D /* Build configuration list for PBXNativeTarget "Project_UNI" */;
			buildPhases = (
				5D9898AA1BFB8E7E0011B34D /* Sources */,
				5D9898AB1BFB8E7E0011B34D /* Frameworks */,
				5D9898AC1BFB8E7E0011B34D /* CopyFiles */,
			);
			buildRules = (
			);
			dependencies = (
			);
			name = Project_UNI;
			productName = Project_UNI;
			productReference = 5D9898AE1BFB8E7E0011B34D /* Project_UNI */;
			productType = "com.apple.product-type.tool";
		};
/* End PBXNativeTarget section */

/* Begin PBXProject section */
		5D9898A61BFB8E7E0011B34D /* Project object */ = {
			isa = PBXProject;
			attributes = {
				LastUpgradeCheck = 0710;
				ORGANIZATIONNAME = "콜라맛홍삼";
				TargetAttributes = {
					5D9898AD1BFB8E7E0011B34D = {
						CreatedOnToolsVersion = 7.1.1;
					};
				};
			};
			buildConfigurationList = 5D9898A91BFB8E7E0011B34D /* Build configuration list for PBXProject "Project_UNI" */;
			compatibilityVersion = "Xcode 3.2";
			developmentRegion = English;
			hasScannedForEncodings = 0;
			knownRegions = (
				en,
			);
			mainGroup = 5D9898A51BFB8E7E0011B34D;
			productRefGroup = 5D9898AF1BFB8E7E0011B34D /* Products */;
			projectDirPath = "";
			projectRoot = "";
			targets = (
				5D9898AD1BFB8E7E0011B34D /* Project_UNI */,
			);
		};
/* End PBXProject section */

/* Begin PBXSourcesBuildPhase section */
		5D9898AA1BFB8E7E0011B34D /* Sources */ = {
			isa = PBXSourcesBuildPhase;
			buildActionMask = 2147483647;
			files = (
				5D9898B21BFB8E7E0011B34D /* Project_UNI.c in Sources */,
			);
			runOnlyForDeploymentPostprocessing = 0;
		};
/* End PBXSourcesBuildPhase section */

/* Begin XCBuildConfiguration section */
		5D9898B31BFB8E7E0011B34D /* Debug */ = {
			isa = XCBuildConfiguration;
			buildSettings = {
				ALWAYS_SEARCH_USER_PATHS = NO;
				CLANG_CXX_LANGUAGE_STANDARD = "gnu++0x";
				CLANG_CXX_LIBRARY = "libc++";
				CLANG_ENABLE_MODULES = YES;
				CLANG_ENABLE_OBJC_ARC = YES;
				CLANG_WARN_BOOL_CONVERSION = YES;
				CLANG_WARN_CONSTANT_CONVERSION = YES;
				CLANG_WARN_DIRECT_OBJC_ISA_USAGE = YES_ERROR;
				CLANG_WARN_EMPTY_BODY = YES;
				CLANG_WARN_ENUM_CONVERSION = YES;
				CLANG_WARN_INT_CONVERSION = YES;
				CLANG_WARN_OBJC_ROOT_CLASS = YES_ERROR;
				CLANG_WARN_UNREACHABLE_CODE = YES;
				CLANG_WARN__DUPLICATE_METHOD_MATCH = YES;
				CODE_SIGN_IDENTITY = "-";
				COPY_PHASE_STRIP = NO;
				DEBUG_INFORMATION_FORMAT = dwarf;
				ENABLE_STRICT_OBJC_MSGSEND = YES;
				ENABLE_TESTABILITY = YES;
				GCC_C_LANGUAGE_STANDARD = gnu99;
				GCC_DYNAMIC_NO_PIC = NO;
				GCC_NO_COMMON_BLOCKS = YES;
				GCC_OPTIMIZATION_LEVEL = 0;
				GCC_PREPROCESSOR_DEFINITIONS = (
					"DEBUG=1",
					"$(inherited)",
				);
				GCC_WARN_64_TO_32_BIT_CONVERSION = YES;
				GCC_WARN_ABOUT_RETURN_TYPE = YES_ERROR;
				GCC_WARN_UNDECLARED_SELECTOR = YES;
				GCC_WARN_UNINITIALIZED_AUTOS = YES_AGGRESSIVE;
				GCC_WARN_UNUSED_FUNCTION = YES;
				GCC_WARN_UNUSED_VARIABLE = YES;
				MACOSX_DEPLOYMENT_TARGET = 10.11;
				MTL_ENABLE_DEBUG_INFO = YES;
				ONLY_ACTIVE_ARCH = YES;
				SDKROOT = macosx;
			};
			name = Debug;
		};
		5D9898B41BFB8E7E0011B34D /* Release */ = {
			isa = XCBuildConfiguration;
			buildSettings = {
				ALWAYS_SEARCH_USER_PATHS = NO;
				CLANG_CXX_LANGUAGE_STANDARD = "gnu++0x";
				CLANG_CXX_LIBRARY = "libc++";
				CLANG_ENABLE_MODULES = YES;
				CLANG_ENABLE_OBJC_ARC = YES;
				CLANG_WARN_BOOL_CONVERSION = YES;
				CLANG_WARN_CONSTANT_CONVERSION = YES;
				CLANG_WARN_DIRECT_OBJC_ISA_USAGE = YES_ERROR;
				CLANG_WARN_EMPTY_BODY = YES;
				CLANG_WARN_ENUM_CONVERSION = YES;
				CLANG_WARN_INT_CONVERSION = YES;
				CLANG_WARN_OBJC_ROOT_CLASS = YES_ERROR;
				CLANG_WARN_UNREACHABLE_CODE = YES;
				CLANG_WARN__DUPLICATE_METHOD_MATCH = YES;
				CODE_SIGN_IDENTITY = "-";
				COPY_PHASE_STRIP = NO;
				DEBUG_INFORMATION_FORMAT = "dwarf-with-dsym";
				ENABLE_NS_ASSERTIONS = NO;
				ENABLE_STRICT_OBJC_MSGSEND = YES;
				GCC_C_LANGUAGE_STANDARD = gnu99;
				GCC_NO_COMMON_BLOCKS = YES;
				GCC_WARN_64_TO_32_BIT_CONVERSION = YES;
				GCC_WARN_ABOUT_RETURN_TYPE = YES_ERROR;
				GCC_WARN_UNDECLARED_SELECTOR = YES;
				GCC_WARN_UNINITIALIZED_AUTOS = YES_AGGRESSIVE;
				GCC_WARN_UNUSED_FUNCTION = YES;
				GCC_WARN_UNUSED_VARIABLE = YES;
				MACOSX_DEPLOYMENT_TARGET = 10.11;
				MTL_ENABLE_DEBUG_INFO = NO;
				SDKROOT = macosx;
			};
			name = Release;
		};
		5D9898B61BFB8E7E0011B34D /* Debug */ = {
			isa = XCBuildConfiguration;
			buildSettings = {
				PRODUCT_NAME = "$(TARGET_NAME)";
			};
			name = Debug;
		};
		5D9898B71BFB8E7E0011B34D /* Release */ = {
			isa = XCBuildConfiguration;
			buildSettings = {
				PRODUCT_NAME = "$(TARGET_NAME)";
			};
			name = Release;
		};
/* End XCBuildConfiguration section */

/* Begin XCConfigurationList section */
		5D9898A91BFB8E7E0011B34D /* Build configuration list for PBXProject "Project_UNI" */ = {
			isa = XCConfigurationList;
			buildConfigurations = (
				5D9898B31BFB8E7E0011B34D /* Debug */,
				5D9898B41BFB8E7E0011B34D /* Release */,
			);
			defaultConfigurationIsVisible = 0;
			defaultConfigurationName = Release;
		};
		5D9898B51BFB8E7E0011B34D /* Build configuration list for PBXNativeTarget "Project_UNI" */ = {
			isa = XCConfigurationList;
			buildConfigurations = (
				5D9898B61BFB8E7E0011B34D /* Debug */,
				5D9898B71BFB8E7E0011B34D /* Release */,
			);
			defaultConfigurationIsVisible = 0;
		};
/* End XCConfigurationList section */
	};
	rootObject = 5D9898A61BFB8E7E0011B34D /* Project object */;
}
